
Microsoft Visual Studio Solution File, Format Version 12.00
# Visual Studio Version 16
VisualStudioVersion = 16.0.30717.126
MinimumVisualStudioVersion = 10.0.40219.1
Project("{9A19103F-16F7-4668-BE54-9A1E7A4F7556}") = "MvcMovie", "MvcMovie\MvcMovie.csproj", "{1A785594-3F6F-4E0A-9B4A-E174CC659391}"
EndProject
Project("{00D1A9C2-B5F0-4AF3-8072-F6C62B433612}") = "NewdatabaseMovie", "NewdatabaseMovie\NewdatabaseMovie.sqlproj", "{F7F01B91-0060-40D9-879C-7FA450D805C4}"
EndProject
Global
	GlobalSection(SolutionConfigurationPlatforms) = preSolution
		Debug|Any CPU = Debug|Any CPU
		Release|Any CPU = Release|Any CPU
	EndGlobalSection
	GlobalSection(ProjectConfigurationPlatforms) = postSolution
		{1A785594-3F6F-4E0A-9B4A-E174CC659391}.Debug|Any CPU.ActiveCfg = Debug|Any CPU
		{1A785594-3F6F-4E0A-9B4A-E174CC659391}.Debug|Any CPU.Build.0 = Debug|Any CPU
		{1A785594-3F6F-4E0A-9B4A-E174CC659391}.Release|Any CPU.ActiveCfg = Release|Any CPU
		{1A785594-3F6F-4E0A-9B4A-E174CC659391}.Release|Any CPU.Build.0 = Release|Any CPU
		{F7F01B91-0060-40D9-879C-7FA450D805C4}.Debug|Any CPU.ActiveCfg = Debug|Any CPU
		{F7F01B91-0060-40D9-879C-7FA450D805C4}.Debug|Any CPU.Build.0 = Debug|Any CPU
		{F7F01B91-0060-40D9-879C-7FA450D805C4}.Debug|Any CPU.Deploy.0 = Debug|Any CPU
		{F7F01B91-0060-40D9-879C-7FA450D805C4}.Release|Any CPU.ActiveCfg = Release|Any CPU
		{F7F01B91-0060-40D9-879C-7FA450D805C4}.Release|Any CPU.Build.0 = Release|Any CPU
		{F7F01B91-0060-40D9-879C-7FA450D805C4}.Release|Any CPU.Deploy.0 = Release|Any CPU
	EndGlobalSection
	GlobalSection(SolutionProperties) = preSolution
		HideSolutionNode = FALSE
	EndGlobalSection
	GlobalSection(ExtensibilityGlobals) = postSolution
		SolutionGuid = {2BD107C7-00FA-4766-8BE0-A10CFF3C6327}
	EndGlobalSection
EndGlobal
